// !$*UTF8*$!
{
	archiveVersion = 1;
	classes = {
	};
	objectVersion = 50;
	objects = {

/* Begin PBXBuildFile section */
		AF4E8A86257AC10600CEAED2 /* AppDelegate.swift in Sources */ = {isa = PBXBuildFile; fileRef = AF4E8A85257AC10600CEAED2 /* AppDelegate.swift */; };
		AF4E8A8A257AC10600CEAED2 /* RedViewController.swift in Sources */ = {isa = PBXBuildFile; fileRef = AF4E8A89257AC10600CEAED2 /* RedViewController.swift */; };
		AF4E8A8F257AC10B00CEAED2 /* Assets.xcassets in Resources */ = {isa = PBXBuildFile; fileRef = AF4E8A8E257AC10B00CEAED2 /* Assets.xcassets */; };
		AF4E8A92257AC10B00CEAED2 /* LaunchScreen.storyboard in Resources */ = {isa = PBXBuildFile; fileRef = AF4E8A90257AC10B00CEAED2 /* LaunchScreen.storyboard */; };
		AF4E8A9D257AC10C00CEAED2 /* MVVMDemo2Tests.swift in Sources */ = {isa = PBXBuildFile; fileRef = AF4E8A9C257AC10C00CEAED2 /* MVVMDemo2Tests.swift */; };
		AF4E8AA8257AC10C00CEAED2 /* MVVMDemo2UITests.swift in Sources */ = {isa = PBXBuildFile; fileRef = AF4E8AA7257AC10C00CEAED2 /* MVVMDemo2UITests.swift */; };
		AF4E8AB9257AC12400CEAED2 /* Coordinator.swift in Sources */ = {isa = PBXBuildFile; fileRef = AF4E8AB8257AC12400CEAED2 /* Coordinator.swift */; };
		AF4E8ABE257AC13900CEAED2 /* MainView.swift in Sources */ = {isa = PBXBuildFile; fileRef = AF4E8ABD257AC13900CEAED2 /* MainView.swift */; };
		AF4E8AC6257AC9D300CEAED2 /* MockService.swift in Sources */ = {isa = PBXBuildFile; fileRef = AF4E8AC5257AC9D300CEAED2 /* MockService.swift */; };
/* End PBXBuildFile section */

/* Begin PBXContainerItemProxy section */
		AF4E8A99257AC10C00CEAED2 /* PBXContainerItemProxy */ = {
			isa = PBXContainerItemProxy;
			containerPortal = AF4E8A7A257AC10600CEAED2 /* Project object */;
			proxyType = 1;
			remoteGlobalIDString = AF4E8A81257AC10600CEAED2;
			remoteInfo = MVVMDemo2;
		};
		AF4E8AA4257AC10C00CEAED2 /* PBXContainerItemProxy */ = {
			isa = PBXContainerItemProxy;
			containerPortal = AF4E8A7A257AC10600CEAED2 /* Project object */;
			proxyType = 1;
			remoteGlobalIDString = AF4E8A81257AC10600CEAED2;
			remoteInfo = MVVMDemo2;
		};
/* End PBXContainerItemProxy section */

/* Begin PBXFileReference section */
		AF4E8A82257AC10600CEAED2 /* MVVMDemo2.app */ = {isa = PBXFileReference; explicitFileType = wrapper.application; includeInIndex = 0; path = MVVMDemo2.app; sourceTree = BUILT_PRODUCTS_DIR; };
		AF4E8A85257AC10600CEAED2 /* AppDelegate.swift */ = {isa = PBXFileReference; lastKnownFileType = sourcecode.swift; path = AppDelegate.swift; sourceTree = "<group>"; };
		AF4E8A89257AC10600CEAED2 /* RedViewController.swift */ = {isa = PBXFileReference; lastKnownFileType = sourcecode.swift; path = RedViewController.swift; sourceTree = "<group>"; };
		AF4E8A8E257AC10B00CEAED2 /* Assets.xcassets */ = {isa = PBXFileReference; lastKnownFileType = folder.assetcatalog; path = Assets.xcassets; sourceTree = "<group>"; };
		AF4E8A91257AC10B00CEAED2 /* Base */ = {isa = PBXFileReference; lastKnownFileType = file.storyboard; name = Base; path = Base.lproj/LaunchScreen.storyboard; sourceTree = "<group>"; };
		AF4E8A93257AC10B00CEAED2 /* Info.plist */ = {isa = PBXFileReference; lastKnownFileType = text.plist.xml; path = Info.plist; sourceTree = "<group>"; };
		AF4E8A98257AC10C00CEAED2 /* MVVMDemo2Tests.xctest */ = {isa = PBXFileReference; explicitFileType = wrapper.cfbundle; includeInIndex = 0; path = MVVMDemo2Tests.xctest; sourceTree = BUILT_PRODUCTS_DIR; };
		AF4E8A9C257AC10C00CEAED2 /* MVVMDemo2Tests.swift */ = {isa = PBXFileReference; lastKnownFileType = sourcecode.swift; path = MVVMDemo2Tests.swift; sourceTree = "<group>"; };
		AF4E8A9E257AC10C00CEAED2 /* Info.plist */ = {isa = PBXFileReference; lastKnownFileType = text.plist.xml; path = Info.plist; sourceTree = "<group>"; };
		AF4E8AA3257AC10C00CEAED2 /* MVVMDemo2UITests.xctest */ = {isa = PBXFileReference; explicitFileType = wrapper.cfbundle; includeInIndex = 0; path = MVVMDemo2UITests.xctest; sourceTree = BUILT_PRODUCTS_DIR; };
		AF4E8AA7257AC10C00CEAED2 /* MVVMDemo2UITests.swift */ = {isa = PBXFileReference; lastKnownFileType = sourcecode.swift; path = MVVMDemo2UITests.swift; sourceTree = "<group>"; };
		AF4E8AA9257AC10C00CEAED2 /* Info.plist */ = {isa = PBXFileReference; lastKnownFileType = text.plist.xml; path = Info.plist; sourceTree = "<group>"; };
		AF4E8AB8257AC12400CEAED2 /* Coordinator.swift */ = {isa = PBXFileReference; lastKnownFileType = sourcecode.swift; path = Coordinator.swift; sourceTree = "<group>"; };
		AF4E8ABD257AC13900CEAED2 /* MainView.swift */ = {isa = PBXFileReference; lastKnownFileType = sourcecode.swift; path = MainView.swift; sourceTree = "<group>"; };
		AF4E8AC5257AC9D300CEAED2 /* MockService.swift */ = {isa = PBXFileReference; lastKnownFileType = sourcecode.swift; path = MockService.swift; sourceTree = "<group>"; };
/* End PBXFileReference section */

/* Begin PBXFrameworksBuildPhase section */
		AF4E8A7F257AC10600CEAED2 /* Frameworks */ = {
			isa = PBXFrameworksBuildPhase;
			buildActionMask = 2147483647;
			files = (
			);
			runOnlyForDeploymentPostprocessing = 0;
		};
		AF4E8A95257AC10C00CEAED2 /* Frameworks */ = {
			isa = PBXFrameworksBuildPhase;
			buildActionMask = 2147483647;
			files = (
			);
			runOnlyForDeploymentPostprocessing = 0;
		};
		AF4E8AA0257AC10C00CEAED2 /* Frameworks */ = {
			isa = PBXFrameworksBuildPhase;
			buildActionMask = 2147483647;
			files = (
			);
			runOnlyForDeploymentPostprocessing = 0;
		};
/* End PBXFrameworksBuildPhase section */

/* Begin PBXGroup section */
		AF4E8A79257AC10600CEAED2 = {
			isa = PBXGroup;
			children = (
				AF4E8A84257AC10600CEAED2 /* MVVMDemo2 */,
				AF4E8A9B257AC10C00CEAED2 /* MVVMDemo2Tests */,
				AF4E8AA6257AC10C00CEAED2 /* MVVMDemo2UITests */,
				AF4E8A83257AC10600CEAED2 /* Products */,
			);
			sourceTree = "<group>";
		};
		AF4E8A83257AC10600CEAED2 /* Products */ = {
			isa = PBXGroup;
			children = (
				AF4E8A82257AC10600CEAED2 /* MVVMDemo2.app */,
				AF4E8A98257AC10C00CEAED2 /* MVVMDemo2Tests.xctest */,
				AF4E8AA3257AC10C00CEAED2 /* MVVMDemo2UITests.xctest */,
			);
			name = Products;
			sourceTree = "<group>";
		};
		AF4E8A84257AC10600CEAED2 /* MVVMDemo2 */ = {
			isa = PBXGroup;
			children = (
				AF4E8A8E257AC10B00CEAED2 /* Assets.xcassets */,
				AF4E8A90257AC10B00CEAED2 /* LaunchScreen.storyboard */,
				AF4E8A93257AC10B00CEAED2 /* Info.plist */,
				AF4E8A85257AC10600CEAED2 /* AppDelegate.swift */,
				AF4E8AB8257AC12400CEAED2 /* Coordinator.swift */,
				AF4E8A89257AC10600CEAED2 /* RedViewController.swift */,
				AF4E8ABD257AC13900CEAED2 /* MainView.swift */,
				AF4E8AC5257AC9D300CEAED2 /* MockService.swift */,
			);
			path = MVVMDemo2;
			sourceTree = "<group>";
		};
		AF4E8A9B257AC10C00CEAED2 /* MVVMDemo2Tests */ = {
			isa = PBXGroup;
			children = (
				AF4E8A9C257AC10C00CEAED2 /* MVVMDemo2Tests.swift */,
				AF4E8A9E257AC10C00CEAED2 /* Info.plist */,
			);
			path = MVVMDemo2Tests;
			sourceTree = "<group>";
		};
		AF4E8AA6257AC10C00CEAED2 /* MVVMDemo2UITests */ = {
			isa = PBXGroup;
			children = (
				AF4E8AA7257AC10C00CEAED2 /* MVVMDemo2UITests.swift */,
				AF4E8AA9257AC10C00CEAED2 /* Info.plist */,
			);
			path = MVVMDemo2UITests;
			sourceTree = "<group>";
		};
/* End PBXGroup section */

/* Begin PBXNativeTarget section */
		AF4E8A81257AC10600CEAED2 /* MVVMDemo2 */ = {
			isa = PBXNativeTarget;
			buildConfigurationList = AF4E8AAC257AC10C00CEAED2 /* Build configuration list for PBXNativeTarget "MVVMDemo2" */;
			buildPhases = (
				AF4E8A7E257AC10600CEAED2 /* Sources */,
				AF4E8A7F257AC10600CEAED2 /* Frameworks */,
				AF4E8A80257AC10600CEAED2 /* Resources */,
			);
			buildRules = (
			);
			dependencies = (
			);
			name = MVVMDemo2;
			productName = MVVMDemo2;
			productReference = AF4E8A82257AC10600CEAED2 /* MVVMDemo2.app */;
			productType = "com.apple.product-type.application";
		};
		AF4E8A97257AC10C00CEAED2 /* MVVMDemo2Tests */ = {
			isa = PBXNativeTarget;
			buildConfigurationList = AF4E8AAF257AC10C00CEAED2 /* Build configuration list for PBXNativeTarget "MVVMDemo2Tests" */;
			buildPhases = (
				AF4E8A94257AC10C00CEAED2 /* Sources */,
				AF4E8A95257AC10C00CEAED2 /* Frameworks */,
				AF4E8A96257AC10C00CEAED2 /* Resources */,
			);
			buildRules = (
			);
			dependencies = (
				AF4E8A9A257AC10C00CEAED2 /* PBXTargetDependency */,
			);
			name = MVVMDemo2Tests;
			productName = MVVMDemo2Tests;
			productReference = AF4E8A98257AC10C00CEAED2 /* MVVMDemo2Tests.xctest */;
			productType = "com.apple.product-type.bundle.unit-test";
		};
		AF4E8AA2257AC10C00CEAED2 /* MVVMDemo2UITests */ = {
			isa = PBXNativeTarget;
			buildConfigurationList = AF4E8AB2257AC10C00CEAED2 /* Build configuration list for PBXNativeTarget "MVVMDemo2UITests" */;
			buildPhases = (
				AF4E8A9F257AC10C00CEAED2 /* Sources */,
				AF4E8AA0257AC10C00CEAED2 /* Frameworks */,
				AF4E8AA1257AC10C00CEAED2 /* Resources */,
			);
			buildRules = (
			);
			dependencies = (
				AF4E8AA5257AC10C00CEAED2 /* PBXTargetDependency */,
			);
			name = MVVMDemo2UITests;
			productName = MVVMDemo2UITests;
			productReference = AF4E8AA3257AC10C00CEAED2 /* MVVMDemo2UITests.xctest */;
			productType = "com.apple.product-type.bundle.ui-testing";
		};
/* End PBXNativeTarget section */

/* Begin PBXProject section */
		AF4E8A7A257AC10600CEAED2 /* Project object */ = {
			isa = PBXProject;
			attributes = {
				LastSwiftUpdateCheck = 1200;
				LastUpgradeCheck = 1200;
				TargetAttributes = {
					AF4E8A81257AC10600CEAED2 = {
						CreatedOnToolsVersion = 12.0;
					};
					AF4E8A97257AC10C00CEAED2 = {
						CreatedOnToolsVersion = 12.0;
						TestTargetID = AF4E8A81257AC10600CEAED2;
					};
					AF4E8AA2257AC10C00CEAED2 = {
						CreatedOnToolsVersion = 12.0;
						TestTargetID = AF4E8A81257AC10600CEAED2;
					};
				};
			};
			buildConfigurationList = AF4E8A7D257AC10600CEAED2 /* Build configuration list for PBXProject "MVVMDemo2" */;
			compatibilityVersion = "Xcode 9.3";
			developmentRegion = en;
			hasScannedForEncodings = 0;
			knownRegions = (
				en,
				Base,
			);
			mainGroup = AF4E8A79257AC10600CEAED2;
			productRefGroup = AF4E8A83257AC10600CEAED2 /* Products */;
			projectDirPath = "";
			projectRoot = "";
			targets = (
				AF4E8A81257AC10600CEAED2 /* MVVMDemo2 */,
				AF4E8A97257AC10C00CEAED2 /* MVVMDemo2Tests */,
				AF4E8AA2257AC10C00CEAED2 /* MVVMDemo2UITests */,
			);
		};
/* End PBXProject section */

/* Begin PBXResourcesBuildPhase section */
		AF4E8A80257AC10600CEAED2 /* Resources */ = {
			isa = PBXResourcesBuildPhase;
			buildActionMask = 2147483647;
			files = (
				AF4E8A92257AC10B00CEAED2 /* LaunchScreen.storyboard in Resources */,
				AF4E8A8F257AC10B00CEAED2 /* Assets.xcassets in Resources */,
			);
			runOnlyForDeploymentPostprocessing = 0;
		};
		AF4E8A96257AC10C00CEAED2 /* Resources */ = {
			isa = PBXResourcesBuildPhase;
			buildActionMask = 2147483647;
			files = (
			);
			runOnlyForDeploymentPostprocessing = 0;
		};
		AF4E8AA1257AC10C00CEAED2 /* Resources */ = {
			isa = PBXResourcesBuildPhase;
			buildActionMask = 2147483647;
			files = (
			);
			runOnlyForDeploymentPostprocessing = 0;
		};
/* End PBXResourcesBuildPhase section */

/* Begin PBXSourcesBuildPhase section */
		AF4E8A7E257AC10600CEAED2 /* Sources */ = {
			isa = PBXSourcesBuildPhase;
			buildActionMask = 2147483647;
			files = (
				AF4E8AB9257AC12400CEAED2 /* Coordinator.swift in Sources */,
				AF4E8A8A257AC10600CEAED2 /* RedViewController.swift in Sources */,
				AF4E8A86257AC10600CEAED2 /* AppDelegate.swift in Sources */,
				AF4E8ABE257AC13900CEAED2 /* MainView.swift in Sources */,
				AF4E8AC6257AC9D300CEAED2 /* MockService.swift in Sources */,
			);
			runOnlyForDeploymentPostprocessing = 0;
		};
		AF4E8A94257AC10C00CEAED2 /* Sources */ = {
			isa = PBXSourcesBuildPhase;
			buildActionMask = 2147483647;
			files = (
				AF4E8A9D257AC10C00CEAED2 /* MVVMDemo2Tests.swift in Sources */,
			);
			runOnlyForDeploymentPostprocessing = 0;
		};
		AF4E8A9F257AC10C00CEAED2 /* Sources */ = {
			isa = PBXSourcesBuildPhase;
			buildActionMask = 2147483647;
			files = (
				AF4E8AA8257AC10C00CEAED2 /* MVVMDemo2UITests.swift in Sources */,
			);
			runOnlyForDeploymentPostprocessing = 0;
		};
/* End PBXSourcesBuildPhase section */

/* Begin PBXTargetDependency section */
		AF4E8A9A257AC10C00CEAED2 /* PBXTargetDependency */ = {
			isa = PBXTargetDependency;
			target = AF4E8A81257AC10600CEAED2 /* MVVMDemo2 */;
			targetProxy = AF4E8A99257AC10C00CEAED2 /* PBXContainerItemProxy */;
		};
		AF4E8AA5257AC10C00CEAED2 /* PBXTargetDependency */ = {
			isa = PBXTargetDependency;
			target = AF4E8A81257AC10600CEAED2 /* MVVMDemo2 */;
			targetProxy = AF4E8AA4257AC10C00CEAED2 /* PBXContainerItemProxy */;
		};
/* End PBXTargetDependency section */

/* Begin PBXVariantGroup section */
		AF4E8A90257AC10B00CEAED2 /* LaunchScreen.storyboard */ = {
			isa = PBXVariantGroup;
			children = (
				AF4E8A91257AC10B00CEAED2 /* Base */,
			);
			name = LaunchScreen.storyboard;
			sourceTree = "<group>";
		};
/* End PBXVariantGroup section */

/* Begin XCBuildConfiguration section */
		AF4E8AAA257AC10C00CEAED2 /* Debug */ = {
			isa = XCBuildConfiguration;
			buildSettings = {
				ALWAYS_SEARCH_USER_PATHS = NO;
				CLANG_ANALYZER_NONNULL = YES;
				CLANG_ANALYZER_NUMBER_OBJECT_CONVERSION = YES_AGGRESSIVE;
				CLANG_CXX_LANGUAGE_STANDARD = "gnu++14";
				CLANG_CXX_LIBRARY = "libc++";
				CLANG_ENABLE_MODULES = YES;
				CLANG_ENABLE_OBJC_ARC = YES;
				CLANG_ENABLE_OBJC_WEAK = YES;
				CLANG_WARN_BLOCK_CAPTURE_AUTORELEASING = YES;
				CLANG_WARN_BOOL_CONVERSION = YES;
				CLANG_WARN_COMMA = YES;
				CLANG_WARN_CONSTANT_CONVERSION = YES;
				CLANG_WARN_DEPRECATED_OBJC_IMPLEMENTATIONS = YES;
				CLANG_WARN_DIRECT_OBJC_ISA_USAGE = YES_ERROR;
				CLANG_WARN_DOCUMENTATION_COMMENTS = YES;
				CLANG_WARN_EMPTY_BODY = YES;
				CLANG_WARN_ENUM_CONVERSION = YES;
				CLANG_WARN_INFINITE_RECURSION = YES;
				CLANG_WARN_INT_CONVERSION = YES;
				CLANG_WARN_NON_LITERAL_NULL_CONVERSION = YES;
				CLANG_WARN_OBJC_IMPLICIT_RETAIN_SELF = YES;
				CLANG_WARN_OBJC_LITERAL_CONVERSION = YES;
				CLANG_WARN_OBJC_ROOT_CLASS = YES_ERROR;
				CLANG_WARN_QUOTED_INCLUDE_IN_FRAMEWORK_HEADER = YES;
				CLANG_WARN_RANGE_LOOP_ANALYSIS = YES;
				CLANG_WARN_STRICT_PROTOTYPES = YES;
				CLANG_WARN_SUSPICIOUS_MOVE = YES;
				CLANG_WARN_UNGUARDED_AVAILABILITY = YES_AGGRESSIVE;
				CLANG_WARN_UNREACHABLE_CODE = YES;
				CLANG_WARN__DUPLICATE_METHOD_MATCH = YES;
				COPY_PHASE_STRIP = NO;
				DEBUG_INFORMATION_FORMAT = dwarf;
				ENABLE_STRICT_OBJC_MSGSEND = YES;
				ENABLE_TESTABILITY = YES;
				GCC_C_LANGUAGE_STANDARD = gnu11;
				GCC_DYNAMIC_NO_PIC = NO;
				GCC_NO_COMMON_BLOCKS = YES;
				GCC_OPTIMIZATION_LEVEL = 0;
				GCC_PREPROCESSOR_DEFINITIONS = (
					"DEBUG=1",
					"$(inherited)",
				);
				GCC_WARN_64_TO_32_BIT_CONVERSION = YES;
				GCC_WARN_ABOUT_RETURN_TYPE = YES_ERROR;
				GCC_WARN_UNDECLARED_SELECTOR = YES;
				GCC_WARN_UNINITIALIZED_AUTOS = YES_AGGRESSIVE;
				GCC_WARN_UNUSED_FUNCTION = YES;
				GCC_WARN_UNUSED_VARIABLE = YES;
				IPHONEOS_DEPLOYMENT_TARGET = 14.0;
				MTL_ENABLE_DEBUG_INFO = INCLUDE_SOURCE;
				MTL_FAST_MATH = YES;
				ONLY_ACTIVE_ARCH = YES;
				SDKROOT = iphoneos;
				SWIFT_ACTIVE_COMPILATION_CONDITIONS = DEBUG;
				SWIFT_OPTIMIZATION_LEVEL = "-Onone";
			};
			name = Debug;
		};
		AF4E8AAB257AC10C00CEAED2 /* Release */ = {
			isa = XCBuildConfiguration;
			buildSettings = {
				ALWAYS_SEARCH_USER_PATHS = NO;
				CLANG_ANALYZER_NONNULL = YES;
				CLANG_ANALYZER_NUMBER_OBJECT_CONVERSION = YES_AGGRESSIVE;
				CLANG_CXX_LANGUAGE_STANDARD = "gnu++14";
				CLANG_CXX_LIBRARY = "libc++";
				CLANG_ENABLE_MODULES = YES;
				CLANG_ENABLE_OBJC_ARC = YES;
				CLANG_ENABLE_OBJC_WEAK = YES;
				CLANG_WARN_BLOCK_CAPTURE_AUTORELEASING = YES;
				CLANG_WARN_BOOL_CONVERSION = YES;
				CLANG_WARN_COMMA = YES;
				CLANG_WARN_CONSTANT_CONVERSION = YES;
				CLANG_WARN_DEPRECATED_OBJC_IMPLEMENTATIONS = YES;
				CLANG_WARN_DIRECT_OBJC_ISA_USAGE = YES_ERROR;
				CLANG_WARN_DOCUMENTATION_COMMENTS = YES;
				CLANG_WARN_EMPTY_BODY = YES;
				CLANG_WARN_ENUM_CONVERSION = YES;
				CLANG_WARN_INFINITE_RECURSION = YES;
				CLANG_WARN_INT_CONVERSION = YES;
				CLANG_WARN_NON_LITERAL_NULL_CONVERSION = YES;
				CLANG_WARN_OBJC_IMPLICIT_RETAIN_SELF = YES;
				CLANG_WARN_OBJC_LITERAL_CONVERSION = YES;
				CLANG_WARN_OBJC_ROOT_CLASS = YES_ERROR;
				CLANG_WARN_QUOTED_INCLUDE_IN_FRAMEWORK_HEADER = YES;
				CLANG_WARN_RANGE_LOOP_ANALYSIS = YES;
				CLANG_WARN_STRICT_PROTOTYPES = YES;
				CLANG_WARN_SUSPICIOUS_MOVE = YES;
				CLANG_WARN_UNGUARDED_AVAILABILITY = YES_AGGRESSIVE;
				CLANG_WARN_UNREACHABLE_CODE = YES;
				CLANG_WARN__DUPLICATE_METHOD_MATCH = YES;
				COPY_PHASE_STRIP = NO;
				DEBUG_INFORMATION_FORMAT = "dwarf-with-dsym";
				ENABLE_NS_ASSERTIONS = NO;
				ENABLE_STRICT_OBJC_MSGSEND = YES;
				GCC_C_LANGUAGE_STANDARD = gnu11;
				GCC_NO_COMMON_BLOCKS = YES;
				GCC_WARN_64_TO_32_BIT_CONVERSION = YES;
				GCC_WARN_ABOUT_RETURN_TYPE = YES_ERROR;
				GCC_WARN_UNDECLARED_SELECTOR = YES;
				GCC_WARN_UNINITIALIZED_AUTOS = YES_AGGRESSIVE;
				GCC_WARN_UNUSED_FUNCTION = YES;
				GCC_WARN_UNUSED_VARIABLE = YES;
				IPHONEOS_DEPLOYMENT_TARGET = 14.0;
				MTL_ENABLE_DEBUG_INFO = NO;
				MTL_FAST_MATH = YES;
				SDKROOT = iphoneos;
				SWIFT_COMPILATION_MODE = wholemodule;
				SWIFT_OPTIMIZATION_LEVEL = "-O";
				VALIDATE_PRODUCT = YES;
			};
			name = Release;
		};
		AF4E8AAD257AC10C00CEAED2 /* Debug */ = {
			isa = XCBuildConfiguration;
			buildSettings = {
				ASSETCATALOG_COMPILER_APPICON_NAME = AppIcon;
				ASSETCATALOG_COMPILER_GLOBAL_ACCENT_COLOR_NAME = AccentColor;
				CODE_SIGN_STYLE = Automatic;
				INFOPLIST_FILE = MVVMDemo2/Info.plist;
				LD_RUNPATH_SEARCH_PATHS = (
					"$(inherited)",
					"@executable_path/Frameworks",
				);
				PRODUCT_BUNDLE_IDENTIFIER = com.walmart.oneapp.beta.MVVMDemo2;
				PRODUCT_NAME = "$(TARGET_NAME)";
				SWIFT_VERSION = 5.0;
				TARGETED_DEVICE_FAMILY = "1,2";
			};
			name = Debug;
		};
		AF4E8AAE257AC10C00CEAED2 /* Release */ = {
			isa = XCBuildConfiguration;
			buildSettings = {
				ASSETCATALOG_COMPILER_APPICON_NAME = AppIcon;
				ASSETCATALOG_COMPILER_GLOBAL_ACCENT_COLOR_NAME = AccentColor;
				CODE_SIGN_STYLE = Automatic;
				INFOPLIST_FILE = MVVMDemo2/Info.plist;
				LD_RUNPATH_SEARCH_PATHS = (
					"$(inherited)",
					"@executable_path/Frameworks",
				);
				PRODUCT_BUNDLE_IDENTIFIER = com.walmart.oneapp.beta.MVVMDemo2;
				PRODUCT_NAME = "$(TARGET_NAME)";
				SWIFT_VERSION = 5.0;
				TARGETED_DEVICE_FAMILY = "1,2";
			};
			name = Release;
		};
		AF4E8AB0257AC10C00CEAED2 /* Debug */ = {
			isa = XCBuildConfiguration;
			buildSettings = {
				ALWAYS_EMBED_SWIFT_STANDARD_LIBRARIES = YES;
				BUNDLE_LOADER = "$(TEST_HOST)";
				CODE_SIGN_STYLE = Automatic;
				INFOPLIST_FILE = MVVMDemo2Tests/Info.plist;
				IPHONEOS_DEPLOYMENT_TARGET = 14.0;
				LD_RUNPATH_SEARCH_PATHS = (
					"$(inherited)",
					"@executable_path/Frameworks",
					"@loader_path/Frameworks",
				);
				PRODUCT_BUNDLE_IDENTIFIER = com.walmart.oneapp.beta.MVVMDemo2Tests;
				PRODUCT_NAME = "$(TARGET_NAME)";
				SWIFT_VERSION = 5.0;
				TARGETED_DEVICE_FAMILY = "1,2";
				TEST_HOST = "$(BUILT_PRODUCTS_DIR)/MVVMDemo2.app/MVVMDemo2";
			};
			name = Debug;
		};
		AF4E8AB1257AC10C00CEAED2 /* Release */ = {
			isa = XCBuildConfiguration;
			buildSettings = {
				ALWAYS_EMBED_SWIFT_STANDARD_LIBRARIES = YES;
				BUNDLE_LOADER = "$(TEST_HOST)";
				CODE_SIGN_STYLE = Automatic;
				INFOPLIST_FILE = MVVMDemo2Tests/Info.plist;
				IPHONEOS_DEPLOYMENT_TARGET = 14.0;
				LD_RUNPATH_SEARCH_PATHS = (
					"$(inherited)",
					"@executable_path/Frameworks",
					"@loader_path/Frameworks",
				);
				PRODUCT_BUNDLE_IDENTIFIER = com.walmart.oneapp.beta.MVVMDemo2Tests;
				PRODUCT_NAME = "$(TARGET_NAME)";
				SWIFT_VERSION = 5.0;
				TARGETED_DEVICE_FAMILY = "1,2";
				TEST_HOST = "$(BUILT_PRODUCTS_DIR)/MVVMDemo2.app/MVVMDemo2";
			};
			name = Release;
		};
		AF4E8AB3257AC10C00CEAED2 /* Debug */ = {
			isa = XCBuildConfiguration;
			buildSettings = {
				ALWAYS_EMBED_SWIFT_STANDARD_LIBRARIES = YES;
				CODE_SIGN_STYLE = Automatic;
				INFOPLIST_FILE = MVVMDemo2UITests/Info.plist;
				LD_RUNPATH_SEARCH_PATHS = (
					"$(inherited)",
					"@executable_path/Frameworks",
					"@loader_path/Frameworks",
				);
				PRODUCT_BUNDLE_IDENTIFIER = com.walmart.oneapp.beta.MVVMDemo2UITests;
				PRODUCT_NAME = "$(TARGET_NAME)";
				SWIFT_VERSION = 5.0;
				TARGETED_DEVICE_FAMILY = "1,2";
				TEST_TARGET_NAME = MVVMDemo2;
			};
			name = Debug;
		};
		AF4E8AB4257AC10C00CEAED2 /* Release */ = {
			isa = XCBuildConfiguration;
			buildSettings = {
				ALWAYS_EMBED_SWIFT_STANDARD_LIBRARIES = YES;
				CODE_SIGN_STYLE = Automatic;
				INFOPLIST_FILE = MVVMDemo2UITests/Info.plist;
				LD_RUNPATH_SEARCH_PATHS = (
					"$(inherited)",
					"@executable_path/Frameworks",
					"@loader_path/Frameworks",
				);
				PRODUCT_BUNDLE_IDENTIFIER = com.walmart.oneapp.beta.MVVMDemo2UITests;
				PRODUCT_NAME = "$(TARGET_NAME)";
				SWIFT_VERSION = 5.0;
				TARGETED_DEVICE_FAMILY = "1,2";
				TEST_TARGET_NAME = MVVMDemo2;
			};
			name = Release;
		};
/* End XCBuildConfiguration section */

/* Begin XCConfigurationList section */
		AF4E8A7D257AC10600CEAED2 /* Build configuration list for PBXProject "MVVMDemo2" */ = {
			isa = XCConfigurationList;
			buildConfigurations = (
				AF4E8AAA257AC10C00CEAED2 /* Debug */,
				AF4E8AAB257AC10C00CEAED2 /* Release */,
			);
			defaultConfigurationIsVisible = 0;
			defaultConfigurationName = Release;
		};
		AF4E8AAC257AC10C00CEAED2 /* Build configuration list for PBXNativeTarget "MVVMDemo2" */ = {
			isa = XCConfigurationList;
			buildConfigurations = (
				AF4E8AAD257AC10C00CEAED2 /* Debug */,
				AF4E8AAE257AC10C00CEAED2 /* Release */,
			);
			defaultConfigurationIsVisible = 0;
			defaultConfigurationName = Release;
		};
		AF4E8AAF257AC10C00CEAED2 /* Build configuration list for PBXNativeTarget "MVVMDemo2Tests" */ = {
			isa = XCConfigurationList;
			buildConfigurations = (
				AF4E8AB0257AC10C00CEAED2 /* Debug */,
				AF4E8AB1257AC10C00CEAED2 /* Release */,
			);
			defaultConfigurationIsVisible = 0;
			defaultConfigurationName = Release;
		};
		AF4E8AB2257AC10C00CEAED2 /* Build configuration list for PBXNativeTarget "MVVMDemo2UITests" */ = {
			isa = XCConfigurationList;
			buildConfigurations = (
				AF4E8AB3257AC10C00CEAED2 /* Debug */,
				AF4E8AB4257AC10C00CEAED2 /* Release */,
			);
			defaultConfigurationIsVisible = 0;
			defaultConfigurationName = Release;
		};
/* End XCConfigurationList section */
	};
	rootObject = AF4E8A7A257AC10600CEAED2 /* Project object */;
}
